
Microsoft Visual Studio Solution File, Format Version 12.00
# Visual Studio Version 16
VisualStudioVersion = 16.0.30523.141
MinimumVisualStudioVersion = 10.0.40219.1
Project("{FAE04EC0-301F-11D3-BF4B-00C04F79EFBC}") = "MyApp", "MyApp.csproj", "{C65E9B5E-A191-4BDB-8702-F9D72D501D1A}"
EndProject
Project("{FAE04EC0-301F-11D3-BF4B-00C04F79EFBC}") = "MyModel", "..\MyModel\MyModel.csproj", "{B948F774-5FB8-445B-9191-94226406A17F}"
EndProject
Global
	GlobalSection(SolutionConfigurationPlatforms) = preSolution
		Debug|Any CPU = Debug|Any CPU
		Release|Any CPU = Release|Any CPU
	EndGlobalSection
	GlobalSection(ProjectConfigurationPlatforms) = postSolution
		{C65E9B5E-A191-4BDB-8702-F9D72D501D1A}.Debug|Any CPU.ActiveCfg = Debug|Any CPU
		{C65E9B5E-A191-4BDB-8702-F9D72D501D1A}.Debug|Any CPU.Build.0 = Debug|Any CPU
		{C65E9B5E-A191-4BDB-8702-F9D72D501D1A}.Release|Any CPU.ActiveCfg = Release|Any CPU
		{C65E9B5E-A191-4BDB-8702-F9D72D501D1A}.Release|Any CPU.Build.0 = Release|Any CPU
		{B948F774-5FB8-445B-9191-94226406A17F}.Debug|Any CPU.ActiveCfg = Debug|Any CPU
		{B948F774-5FB8-445B-9191-94226406A17F}.Debug|Any CPU.Build.0 = Debug|Any CPU
		{B948F774-5FB8-445B-9191-94226406A17F}.Release|Any CPU.ActiveCfg = Release|Any CPU
		{B948F774-5FB8-445B-9191-94226406A17F}.Release|Any CPU.Build.0 = Release|Any CPU
	EndGlobalSection
	GlobalSection(SolutionProperties) = preSolution
		HideSolutionNode = FALSE
	EndGlobalSection
	GlobalSection(ExtensibilityGlobals) = postSolution
		SolutionGuid = {97DEE9E0-EE6F-4446-B073-C74CFF2D7C0B}
	EndGlobalSection
EndGlobal
